
Microsoft Visual Studio Solution File, Format Version 12.00
# Visual Studio Version 16
VisualStudioVersion = 16.0.30114.105
MinimumVisualStudioVersion = 10.0.40219.1
Project("{FAE04EC0-301F-11D3-BF4B-00C04F79EFBC}") = "SimpleDbContext.Core", "SimpleRepo\SimpleDbContext.Core.csproj", "{1058DB1D-F939-47D5-AB1B-2BD47BB29111}"
EndProject
Project("{FAE04EC0-301F-11D3-BF4B-00C04F79EFBC}") = "SimpleDbContext.Npgsql", "SimpleDbContext.Npgsql\SimpleDbContext.Npgsql.csproj", "{C94181FB-6355-494A-8251-534A3B2DB3FC}"
EndProject
Project("{FAE04EC0-301F-11D3-BF4B-00C04F79EFBC}") = "SimpleDbContext.AspNetCore", "SimpleDbContext.AspNet\SimpleDbContext.AspNetCore.csproj", "{F089E3E0-BE95-4677-BE33-1AD2D82E6C68}"
EndProject
Project("{FAE04EC0-301F-11D3-BF4B-00C04F79EFBC}") = "SimpleDbContext.MySql", "SimpleDbContext.Mysql\SimpleDbContext.MySql.csproj", "{D1C83203-DDB2-4E51-B6EE-81E742B4051B}"
EndProject
Project("{FAE04EC0-301F-11D3-BF4B-00C04F79EFBC}") = "SimpleDbRepository", "SimpleDbRepository\SimpleDbRepository.csproj", "{0E59AA01-9A92-4AE7-A06F-BB23540272CF}"
EndProject
Global
	GlobalSection(SolutionConfigurationPlatforms) = preSolution
		Debug|Any CPU = Debug|Any CPU
		Debug|x64 = Debug|x64
		Debug|x86 = Debug|x86
		Release|Any CPU = Release|Any CPU
		Release|x64 = Release|x64
		Release|x86 = Release|x86
	EndGlobalSection
	GlobalSection(SolutionProperties) = preSolution
		HideSolutionNode = FALSE
	EndGlobalSection
	GlobalSection(ProjectConfigurationPlatforms) = postSolution
		{1058DB1D-F939-47D5-AB1B-2BD47BB29111}.Debug|Any CPU.ActiveCfg = Debug|Any CPU
		{1058DB1D-F939-47D5-AB1B-2BD47BB29111}.Debug|Any CPU.Build.0 = Debug|Any CPU
		{1058DB1D-F939-47D5-AB1B-2BD47BB29111}.Debug|x64.ActiveCfg = Debug|Any CPU
		{1058DB1D-F939-47D5-AB1B-2BD47BB29111}.Debug|x64.Build.0 = Debug|Any CPU
		{1058DB1D-F939-47D5-AB1B-2BD47BB29111}.Debug|x86.ActiveCfg = Debug|Any CPU
		{1058DB1D-F939-47D5-AB1B-2BD47BB29111}.Debug|x86.Build.0 = Debug|Any CPU
		{1058DB1D-F939-47D5-AB1B-2BD47BB29111}.Release|Any CPU.ActiveCfg = Release|Any CPU
		{1058DB1D-F939-47D5-AB1B-2BD47BB29111}.Release|Any CPU.Build.0 = Release|Any CPU
		{1058DB1D-F939-47D5-AB1B-2BD47BB29111}.Release|x64.ActiveCfg = Release|Any CPU
		{1058DB1D-F939-47D5-AB1B-2BD47BB29111}.Release|x64.Build.0 = Release|Any CPU
		{1058DB1D-F939-47D5-AB1B-2BD47BB29111}.Release|x86.ActiveCfg = Release|Any CPU
		{1058DB1D-F939-47D5-AB1B-2BD47BB29111}.Release|x86.Build.0 = Release|Any CPU
		{C94181FB-6355-494A-8251-534A3B2DB3FC}.Debug|Any CPU.ActiveCfg = Debug|Any CPU
		{C94181FB-6355-494A-8251-534A3B2DB3FC}.Debug|Any CPU.Build.0 = Debug|Any CPU
		{C94181FB-6355-494A-8251-534A3B2DB3FC}.Debug|x64.ActiveCfg = Debug|Any CPU
		{C94181FB-6355-494A-8251-534A3B2DB3FC}.Debug|x64.Build.0 = Debug|Any CPU
		{C94181FB-6355-494A-8251-534A3B2DB3FC}.Debug|x86.ActiveCfg = Debug|Any CPU
		{C94181FB-6355-494A-8251-534A3B2DB3FC}.Debug|x86.Build.0 = Debug|Any CPU
		{C94181FB-6355-494A-8251-534A3B2DB3FC}.Release|Any CPU.ActiveCfg = Release|Any CPU
		{C94181FB-6355-494A-8251-534A3B2DB3FC}.Release|Any CPU.Build.0 = Release|Any CPU
		{C94181FB-6355-494A-8251-534A3B2DB3FC}.Release|x64.ActiveCfg = Release|Any CPU
		{C94181FB-6355-494A-8251-534A3B2DB3FC}.Release|x64.Build.0 = Release|Any CPU
		{C94181FB-6355-494A-8251-534A3B2DB3FC}.Release|x86.ActiveCfg = Release|Any CPU
		{C94181FB-6355-494A-8251-534A3B2DB3FC}.Release|x86.Build.0 = Release|Any CPU
		{F089E3E0-BE95-4677-BE33-1AD2D82E6C68}.Debug|Any CPU.ActiveCfg = Debug|Any CPU
		{F089E3E0-BE95-4677-BE33-1AD2D82E6C68}.Debug|Any CPU.Build.0 = Debug|Any CPU
		{F089E3E0-BE95-4677-BE33-1AD2D82E6C68}.Debug|x64.ActiveCfg = Debug|Any CPU
		{F089E3E0-BE95-4677-BE33-1AD2D82E6C68}.Debug|x64.Build.0 = Debug|Any CPU
		{F089E3E0-BE95-4677-BE33-1AD2D82E6C68}.Debug|x86.ActiveCfg = Debug|Any CPU
		{F089E3E0-BE95-4677-BE33-1AD2D82E6C68}.Debug|x86.Build.0 = Debug|Any CPU
		{F089E3E0-BE95-4677-BE33-1AD2D82E6C68}.Release|Any CPU.ActiveCfg = Release|Any CPU
		{F089E3E0-BE95-4677-BE33-1AD2D82E6C68}.Release|Any CPU.Build.0 = Release|Any CPU
		{F089E3E0-BE95-4677-BE33-1AD2D82E6C68}.Release|x64.ActiveCfg = Release|Any CPU
		{F089E3E0-BE95-4677-BE33-1AD2D82E6C68}.Release|x64.Build.0 = Release|Any CPU
		{F089E3E0-BE95-4677-BE33-1AD2D82E6C68}.Release|x86.ActiveCfg = Release|Any CPU
		{F089E3E0-BE95-4677-BE33-1AD2D82E6C68}.Release|x86.Build.0 = Release|Any CPU
		{D1C83203-DDB2-4E51-B6EE-81E742B4051B}.Debug|Any CPU.ActiveCfg = Debug|Any CPU
		{D1C83203-DDB2-4E51-B6EE-81E742B4051B}.Debug|Any CPU.Build.0 = Debug|Any CPU
		{D1C83203-DDB2-4E51-B6EE-81E742B4051B}.Debug|x64.ActiveCfg = Debug|Any CPU
		{D1C83203-DDB2-4E51-B6EE-81E742B4051B}.Debug|x64.Build.0 = Debug|Any CPU
		{D1C83203-DDB2-4E51-B6EE-81E742B4051B}.Debug|x86.ActiveCfg = Debug|Any CPU
		{D1C83203-DDB2-4E51-B6EE-81E742B4051B}.Debug|x86.Build.0 = Debug|Any CPU
		{D1C83203-DDB2-4E51-B6EE-81E742B4051B}.Release|Any CPU.ActiveCfg = Release|Any CPU
		{D1C83203-DDB2-4E51-B6EE-81E742B4051B}.Release|Any CPU.Build.0 = Release|Any CPU
		{D1C83203-DDB2-4E51-B6EE-81E742B4051B}.Release|x64.ActiveCfg = Release|Any CPU
		{D1C83203-DDB2-4E51-B6EE-81E742B4051B}.Release|x64.Build.0 = Release|Any CPU
		{D1C83203-DDB2-4E51-B6EE-81E742B4051B}.Release|x86.ActiveCfg = Release|Any CPU
		{D1C83203-DDB2-4E51-B6EE-81E742B4051B}.Release|x86.Build.0 = Release|Any CPU
		{0E59AA01-9A92-4AE7-A06F-BB23540272CF}.Debug|Any CPU.ActiveCfg = Debug|Any CPU
		{0E59AA01-9A92-4AE7-A06F-BB23540272CF}.Debug|Any CPU.Build.0 = Debug|Any CPU
		{0E59AA01-9A92-4AE7-A06F-BB23540272CF}.Debug|x64.ActiveCfg = Debug|Any CPU
		{0E59AA01-9A92-4AE7-A06F-BB23540272CF}.Debug|x64.Build.0 = Debug|Any CPU
		{0E59AA01-9A92-4AE7-A06F-BB23540272CF}.Debug|x86.ActiveCfg = Debug|Any CPU
		{0E59AA01-9A92-4AE7-A06F-BB23540272CF}.Debug|x86.Build.0 = Debug|Any CPU
		{0E59AA01-9A92-4AE7-A06F-BB23540272CF}.Release|Any CPU.ActiveCfg = Release|Any CPU
		{0E59AA01-9A92-4AE7-A06F-BB23540272CF}.Release|Any CPU.Build.0 = Release|Any CPU
		{0E59AA01-9A92-4AE7-A06F-BB23540272CF}.Release|x64.ActiveCfg = Release|Any CPU
		{0E59AA01-9A92-4AE7-A06F-BB23540272CF}.Release|x64.Build.0 = Release|Any CPU
		{0E59AA01-9A92-4AE7-A06F-BB23540272CF}.Release|x86.ActiveCfg = Release|Any CPU
		{0E59AA01-9A92-4AE7-A06F-BB23540272CF}.Release|x86.Build.0 = Release|Any CPU
	EndGlobalSection
EndGlobal
